
Microsoft Visual Studio Solution File, Format Version 12.00
# Visual Studio 15
VisualStudioVersion = 15.0.27703.2026
MinimumVisualStudioVersion = 10.0.40219.1
Project("{FAE04EC0-301F-11D3-BF4B-00C04F79EFBC}") = "Management.App", "Management.App\Management.App.csproj", "{FC14F068-70FA-4A3C-95F9-10F6C192E3EE}"
EndProject
Project("{9A19103F-16F7-4668-BE54-9A1E7A4F7556}") = "Management.Domain", "Management.Domain\Management.Domain.csproj", "{4D24DDB6-6DFD-40CD-8A11-6CA705FCFA24}"
EndProject
Project("{FAE04EC0-301F-11D3-BF4B-00C04F79EFBC}") = "Management.Data", "Management.Data\Management.Data.csproj", "{5DF3C490-EC8C-4747-8903-EA0F13CE23DE}"
EndProject
Global
	GlobalSection(SolutionConfigurationPlatforms) = preSolution
		Debug|Any CPU = Debug|Any CPU
		Release|Any CPU = Release|Any CPU
	EndGlobalSection
	GlobalSection(ProjectConfigurationPlatforms) = postSolution
		{FC14F068-70FA-4A3C-95F9-10F6C192E3EE}.Debug|Any CPU.ActiveCfg = Debug|Any CPU
		{FC14F068-70FA-4A3C-95F9-10F6C192E3EE}.Debug|Any CPU.Build.0 = Debug|Any CPU
		{FC14F068-70FA-4A3C-95F9-10F6C192E3EE}.Release|Any CPU.ActiveCfg = Release|Any CPU
		{FC14F068-70FA-4A3C-95F9-10F6C192E3EE}.Release|Any CPU.Build.0 = Release|Any CPU
		{4D24DDB6-6DFD-40CD-8A11-6CA705FCFA24}.Debug|Any CPU.ActiveCfg = Debug|Any CPU
		{4D24DDB6-6DFD-40CD-8A11-6CA705FCFA24}.Debug|Any CPU.Build.0 = Debug|Any CPU
		{4D24DDB6-6DFD-40CD-8A11-6CA705FCFA24}.Release|Any CPU.ActiveCfg = Release|Any CPU
		{4D24DDB6-6DFD-40CD-8A11-6CA705FCFA24}.Release|Any CPU.Build.0 = Release|Any CPU
		{5DF3C490-EC8C-4747-8903-EA0F13CE23DE}.Debug|Any CPU.ActiveCfg = Debug|Any CPU
		{5DF3C490-EC8C-4747-8903-EA0F13CE23DE}.Debug|Any CPU.Build.0 = Debug|Any CPU
		{5DF3C490-EC8C-4747-8903-EA0F13CE23DE}.Release|Any CPU.ActiveCfg = Release|Any CPU
		{5DF3C490-EC8C-4747-8903-EA0F13CE23DE}.Release|Any CPU.Build.0 = Release|Any CPU
	EndGlobalSection
	GlobalSection(SolutionProperties) = preSolution
		HideSolutionNode = FALSE
	EndGlobalSection
	GlobalSection(ExtensibilityGlobals) = postSolution
		SolutionGuid = {B8019C56-6BFC-434C-AE8F-0CCB94CEE499}
	EndGlobalSection
EndGlobal
